// !$*UTF8*$!
{
	archiveVersion = 1;
	classes = {
	};
	objectVersion = 51;
	objects = {

/* Begin PBXBuildFile section */
		177C4D69D0540DD146926E35 /* Pods_AppStoreSearch.framework in Frameworks */ = {isa = PBXBuildFile; fileRef = 9923E46373CE04547B2350FF /* Pods_AppStoreSearch.framework */; };
		4012E59C24CC77530048F455 /* ExtensionManager.swift in Sources */ = {isa = PBXBuildFile; fileRef = 4012E59B24CC77530048F455 /* ExtensionManager.swift */; };
		403A2DF224CB5D9D00BBA3E4 /* AppDelegate.swift in Sources */ = {isa = PBXBuildFile; fileRef = 403A2DF124CB5D9D00BBA3E4 /* AppDelegate.swift */; };
		403A2DF424CB5D9D00BBA3E4 /* SceneDelegate.swift in Sources */ = {isa = PBXBuildFile; fileRef = 403A2DF324CB5D9D00BBA3E4 /* SceneDelegate.swift */; };
		403A2DF624CB5D9D00BBA3E4 /* SearchViewController.swift in Sources */ = {isa = PBXBuildFile; fileRef = 403A2DF524CB5D9D00BBA3E4 /* SearchViewController.swift */; };
		403A2DF924CB5D9D00BBA3E4 /* Main.storyboard in Resources */ = {isa = PBXBuildFile; fileRef = 403A2DF724CB5D9D00BBA3E4 /* Main.storyboard */; };
		403A2DFB24CB5DA700BBA3E4 /* Assets.xcassets in Resources */ = {isa = PBXBuildFile; fileRef = 403A2DFA24CB5DA700BBA3E4 /* Assets.xcassets */; };
		403A2DFE24CB5DA700BBA3E4 /* LaunchScreen.storyboard in Resources */ = {isa = PBXBuildFile; fileRef = 403A2DFC24CB5DA700BBA3E4 /* LaunchScreen.storyboard */; };
		4048D23424CC47260099170D /* SearchResultCell.swift in Sources */ = {isa = PBXBuildFile; fileRef = 4048D23224CC47260099170D /* SearchResultCell.swift */; };
		4048D23524CC47260099170D /* SearchResultCell.xib in Resources */ = {isa = PBXBuildFile; fileRef = 4048D23324CC47260099170D /* SearchResultCell.xib */; };
		40492AF324CD463E006E41D5 /* SearchDetailAppInfoCell.swift in Sources */ = {isa = PBXBuildFile; fileRef = 40492AF124CD463E006E41D5 /* SearchDetailAppInfoCell.swift */; };
		40492AF424CD463E006E41D5 /* SearchDetailAppInfoCell.xib in Resources */ = {isa = PBXBuildFile; fileRef = 40492AF224CD463E006E41D5 /* SearchDetailAppInfoCell.xib */; };
		40492AF924CD4701006E41D5 /* SearchDetailReleaseNoteCell.swift in Sources */ = {isa = PBXBuildFile; fileRef = 40492AF724CD4701006E41D5 /* SearchDetailReleaseNoteCell.swift */; };
		40492AFA24CD4701006E41D5 /* SearchDetailReleaseNoteCell.xib in Resources */ = {isa = PBXBuildFile; fileRef = 40492AF824CD4701006E41D5 /* SearchDetailReleaseNoteCell.xib */; };
		40A36B3624CBDF87002786B8 /* RecentSearchHeaderView.swift in Sources */ = {isa = PBXBuildFile; fileRef = 40A36B3524CBDF87002786B8 /* RecentSearchHeaderView.swift */; };
		40A36B3824CBDF9B002786B8 /* RecentSearchHeaderView.xib in Resources */ = {isa = PBXBuildFile; fileRef = 40A36B3724CBDF9B002786B8 /* RecentSearchHeaderView.xib */; };
		40A36B3B24CBE753002786B8 /* RecentSearchFilterCell.swift in Sources */ = {isa = PBXBuildFile; fileRef = 40A36B3924CBE753002786B8 /* RecentSearchFilterCell.swift */; };
		40A36B3C24CBE753002786B8 /* RecentSearchFilterCell.xib in Resources */ = {isa = PBXBuildFile; fileRef = 40A36B3A24CBE753002786B8 /* RecentSearchFilterCell.xib */; };
		40A36B3E24CC0162002786B8 /* ApiResponse.swift in Sources */ = {isa = PBXBuildFile; fileRef = 40A36B3D24CC0162002786B8 /* ApiResponse.swift */; };
		40A36B4124CC01FB002786B8 /* NetworkManager.swift in Sources */ = {isa = PBXBuildFile; fileRef = 40A36B4024CC01FB002786B8 /* NetworkManager.swift */; };
		40A36B4324CC02A7002786B8 /* ApiRequestManager.swift in Sources */ = {isa = PBXBuildFile; fileRef = 40A36B4224CC02A7002786B8 /* ApiRequestManager.swift */; };
		40A9122F24CB696900D8558F /* .gitignore in Resources */ = {isa = PBXBuildFile; fileRef = 40A9122E24CB696900D8558F /* .gitignore */; };
		40A9123124CBBDE600D8558F /* SearchDetailViewController.swift in Sources */ = {isa = PBXBuildFile; fileRef = 40A9123024CBBDE600D8558F /* SearchDetailViewController.swift */; };
		40A9123324CBBFF700D8558F /* MainTabViewController.swift in Sources */ = {isa = PBXBuildFile; fileRef = 40A9123224CBBFF700D8558F /* MainTabViewController.swift */; };
		40A9123824CBC1BD00D8558F /* Common.swift in Sources */ = {isa = PBXBuildFile; fileRef = 40A9123724CBC1BD00D8558F /* Common.swift */; };
		40A9123B24CBCB8000D8558F /* UserDefaultManager.swift in Sources */ = {isa = PBXBuildFile; fileRef = 40A9123A24CBCB8000D8558F /* UserDefaultManager.swift */; };
		40A9123E24CBD9CD00D8558F /* RecentSearchCell.swift in Sources */ = {isa = PBXBuildFile; fileRef = 40A9123C24CBD9CD00D8558F /* RecentSearchCell.swift */; };
		40A9123F24CBD9CD00D8558F /* RecentSearchCell.xib in Resources */ = {isa = PBXBuildFile; fileRef = 40A9123D24CBD9CD00D8558F /* RecentSearchCell.xib */; };
/* End PBXBuildFile section */

/* Begin PBXFileReference section */
		4012E59B24CC77530048F455 /* ExtensionManager.swift */ = {isa = PBXFileReference; lastKnownFileType = sourcecode.swift; path = ExtensionManager.swift; sourceTree = "<group>"; };
		403A2DEE24CB5D9D00BBA3E4 /* AppStoreSearch.app */ = {isa = PBXFileReference; explicitFileType = wrapper.application; includeInIndex = 0; path = AppStoreSearch.app; sourceTree = BUILT_PRODUCTS_DIR; };
		403A2DF124CB5D9D00BBA3E4 /* AppDelegate.swift */ = {isa = PBXFileReference; lastKnownFileType = sourcecode.swift; path = AppDelegate.swift; sourceTree = "<group>"; };
		403A2DF324CB5D9D00BBA3E4 /* SceneDelegate.swift */ = {isa = PBXFileReference; lastKnownFileType = sourcecode.swift; path = SceneDelegate.swift; sourceTree = "<group>"; };
		403A2DF524CB5D9D00BBA3E4 /* SearchViewController.swift */ = {isa = PBXFileReference; lastKnownFileType = sourcecode.swift; path = SearchViewController.swift; sourceTree = "<group>"; };
		403A2DF824CB5D9D00BBA3E4 /* Base */ = {isa = PBXFileReference; lastKnownFileType = file.storyboard; name = Base; path = Base.lproj/Main.storyboard; sourceTree = "<group>"; };
		403A2DFA24CB5DA700BBA3E4 /* Assets.xcassets */ = {isa = PBXFileReference; lastKnownFileType = folder.assetcatalog; path = Assets.xcassets; sourceTree = "<group>"; };
		403A2DFD24CB5DA700BBA3E4 /* Base */ = {isa = PBXFileReference; lastKnownFileType = file.storyboard; name = Base; path = Base.lproj/LaunchScreen.storyboard; sourceTree = "<group>"; };
		403A2DFF24CB5DA700BBA3E4 /* Info.plist */ = {isa = PBXFileReference; lastKnownFileType = text.plist.xml; path = Info.plist; sourceTree = "<group>"; };
		4048D23224CC47260099170D /* SearchResultCell.swift */ = {isa = PBXFileReference; lastKnownFileType = sourcecode.swift; path = SearchResultCell.swift; sourceTree = "<group>"; };
		4048D23324CC47260099170D /* SearchResultCell.xib */ = {isa = PBXFileReference; lastKnownFileType = file.xib; path = SearchResultCell.xib; sourceTree = "<group>"; };
		40492AF124CD463E006E41D5 /* SearchDetailAppInfoCell.swift */ = {isa = PBXFileReference; lastKnownFileType = sourcecode.swift; path = SearchDetailAppInfoCell.swift; sourceTree = "<group>"; };
		40492AF224CD463E006E41D5 /* SearchDetailAppInfoCell.xib */ = {isa = PBXFileReference; lastKnownFileType = file.xib; path = SearchDetailAppInfoCell.xib; sourceTree = "<group>"; };
		40492AF724CD4701006E41D5 /* SearchDetailReleaseNoteCell.swift */ = {isa = PBXFileReference; lastKnownFileType = sourcecode.swift; path = SearchDetailReleaseNoteCell.swift; sourceTree = "<group>"; };
		40492AF824CD4701006E41D5 /* SearchDetailReleaseNoteCell.xib */ = {isa = PBXFileReference; lastKnownFileType = file.xib; path = SearchDetailReleaseNoteCell.xib; sourceTree = "<group>"; };
		40A36B3524CBDF87002786B8 /* RecentSearchHeaderView.swift */ = {isa = PBXFileReference; lastKnownFileType = sourcecode.swift; path = RecentSearchHeaderView.swift; sourceTree = "<group>"; };
		40A36B3724CBDF9B002786B8 /* RecentSearchHeaderView.xib */ = {isa = PBXFileReference; lastKnownFileType = file.xib; path = RecentSearchHeaderView.xib; sourceTree = "<group>"; };
		40A36B3924CBE753002786B8 /* RecentSearchFilterCell.swift */ = {isa = PBXFileReference; lastKnownFileType = sourcecode.swift; path = RecentSearchFilterCell.swift; sourceTree = "<group>"; };
		40A36B3A24CBE753002786B8 /* RecentSearchFilterCell.xib */ = {isa = PBXFileReference; lastKnownFileType = file.xib; path = RecentSearchFilterCell.xib; sourceTree = "<group>"; };
		40A36B3D24CC0162002786B8 /* ApiResponse.swift */ = {isa = PBXFileReference; lastKnownFileType = sourcecode.swift; name = ApiResponse.swift; path = AppStoreSearch/api/ApiResponse.swift; sourceTree = SOURCE_ROOT; };
		40A36B4024CC01FB002786B8 /* NetworkManager.swift */ = {isa = PBXFileReference; lastKnownFileType = sourcecode.swift; path = NetworkManager.swift; sourceTree = "<group>"; };
		40A36B4224CC02A7002786B8 /* ApiRequestManager.swift */ = {isa = PBXFileReference; lastKnownFileType = sourcecode.swift; path = ApiRequestManager.swift; sourceTree = "<group>"; };
		40A9122E24CB696900D8558F /* .gitignore */ = {isa = PBXFileReference; lastKnownFileType = text; path = .gitignore; sourceTree = "<group>"; };
		40A9123024CBBDE600D8558F /* SearchDetailViewController.swift */ = {isa = PBXFileReference; lastKnownFileType = sourcecode.swift; path = SearchDetailViewController.swift; sourceTree = "<group>"; };
		40A9123224CBBFF700D8558F /* MainTabViewController.swift */ = {isa = PBXFileReference; lastKnownFileType = sourcecode.swift; path = MainTabViewController.swift; sourceTree = "<group>"; };
		40A9123724CBC1BD00D8558F /* Common.swift */ = {isa = PBXFileReference; lastKnownFileType = sourcecode.swift; path = Common.swift; sourceTree = "<group>"; };
		40A9123A24CBCB8000D8558F /* UserDefaultManager.swift */ = {isa = PBXFileReference; lastKnownFileType = sourcecode.swift; path = UserDefaultManager.swift; sourceTree = "<group>"; };
		40A9123C24CBD9CD00D8558F /* RecentSearchCell.swift */ = {isa = PBXFileReference; lastKnownFileType = sourcecode.swift; path = RecentSearchCell.swift; sourceTree = "<group>"; };
		40A9123D24CBD9CD00D8558F /* RecentSearchCell.xib */ = {isa = PBXFileReference; lastKnownFileType = file.xib; path = RecentSearchCell.xib; sourceTree = "<group>"; };
		841ACB6C3720044B5D3B8E80 /* Pods-AppStoreSearch.debug.xcconfig */ = {isa = PBXFileReference; includeInIndex = 1; lastKnownFileType = text.xcconfig; name = "Pods-AppStoreSearch.debug.xcconfig"; path = "Target Support Files/Pods-AppStoreSearch/Pods-AppStoreSearch.debug.xcconfig"; sourceTree = "<group>"; };
		9923E46373CE04547B2350FF /* Pods_AppStoreSearch.framework */ = {isa = PBXFileReference; explicitFileType = wrapper.framework; includeInIndex = 0; path = Pods_AppStoreSearch.framework; sourceTree = BUILT_PRODUCTS_DIR; };
		CBFFD27033DB5345C37215AF /* Pods-AppStoreSearch.release.xcconfig */ = {isa = PBXFileReference; includeInIndex = 1; lastKnownFileType = text.xcconfig; name = "Pods-AppStoreSearch.release.xcconfig"; path = "Target Support Files/Pods-AppStoreSearch/Pods-AppStoreSearch.release.xcconfig"; sourceTree = "<group>"; };
/* End PBXFileReference section */

/* Begin PBXFrameworksBuildPhase section */
		403A2DEB24CB5D9D00BBA3E4 /* Frameworks */ = {
			isa = PBXFrameworksBuildPhase;
			buildActionMask = 2147483647;
			files = (
				177C4D69D0540DD146926E35 /* Pods_AppStoreSearch.framework in Frameworks */,
			);
			runOnlyForDeploymentPostprocessing = 0;
		};
/* End PBXFrameworksBuildPhase section */

/* Begin PBXGroup section */
		1AB3D556AF0F689478B17AEF /* Pods */ = {
			isa = PBXGroup;
			children = (
				841ACB6C3720044B5D3B8E80 /* Pods-AppStoreSearch.debug.xcconfig */,
				CBFFD27033DB5345C37215AF /* Pods-AppStoreSearch.release.xcconfig */,
			);
			path = Pods;
			sourceTree = "<group>";
		};
		403A2DE524CB5D9D00BBA3E4 = {
			isa = PBXGroup;
			children = (
				40A9122E24CB696900D8558F /* .gitignore */,
				403A2DF024CB5D9D00BBA3E4 /* AppStoreSearch */,
				403A2DEF24CB5D9D00BBA3E4 /* Products */,
				1AB3D556AF0F689478B17AEF /* Pods */,
				78F9E6C70F60F1F8280A8ABC /* Frameworks */,
			);
			sourceTree = "<group>";
		};
		403A2DEF24CB5D9D00BBA3E4 /* Products */ = {
			isa = PBXGroup;
			children = (
				403A2DEE24CB5D9D00BBA3E4 /* AppStoreSearch.app */,
			);
			name = Products;
			sourceTree = "<group>";
		};
		403A2DF024CB5D9D00BBA3E4 /* AppStoreSearch */ = {
			isa = PBXGroup;
			children = (
				40A36B3F24CC0174002786B8 /* api */,
				40A9123624CBC19B00D8558F /* common */,
				40A9123524CBC19200D8558F /* model */,
				40A9123424CBC18700D8558F /* view */,
				403A2DF124CB5D9D00BBA3E4 /* AppDelegate.swift */,
				403A2DF324CB5D9D00BBA3E4 /* SceneDelegate.swift */,
				403A2DF724CB5D9D00BBA3E4 /* Main.storyboard */,
				403A2DFA24CB5DA700BBA3E4 /* Assets.xcassets */,
				403A2DFC24CB5DA700BBA3E4 /* LaunchScreen.storyboard */,
				403A2DFF24CB5DA700BBA3E4 /* Info.plist */,
			);
			path = AppStoreSearch;
			sourceTree = "<group>";
		};
		40492AEE24CD439B006E41D5 /* search */ = {
			isa = PBXGroup;
			children = (
				40A9123924CBC1C300D8558F /* cell */,
			);
			path = search;
			sourceTree = "<group>";
		};
		40492AEF24CD43BE006E41D5 /* detail */ = {
			isa = PBXGroup;
			children = (
				40492AF124CD463E006E41D5 /* SearchDetailAppInfoCell.swift */,
				40492AF224CD463E006E41D5 /* SearchDetailAppInfoCell.xib */,
				40492AF724CD4701006E41D5 /* SearchDetailReleaseNoteCell.swift */,
				40492AF824CD4701006E41D5 /* SearchDetailReleaseNoteCell.xib */,
			);
			path = detail;
			sourceTree = "<group>";
		};
		40492AF024CD43C6006E41D5 /* list */ = {
			isa = PBXGroup;
			children = (
				40A36B3524CBDF87002786B8 /* RecentSearchHeaderView.swift */,
				40A36B3724CBDF9B002786B8 /* RecentSearchHeaderView.xib */,
				40A36B3924CBE753002786B8 /* RecentSearchFilterCell.swift */,
				40A36B3A24CBE753002786B8 /* RecentSearchFilterCell.xib */,
				40A9123C24CBD9CD00D8558F /* RecentSearchCell.swift */,
				40A9123D24CBD9CD00D8558F /* RecentSearchCell.xib */,
				4048D23224CC47260099170D /* SearchResultCell.swift */,
				4048D23324CC47260099170D /* SearchResultCell.xib */,
			);
			path = list;
			sourceTree = "<group>";
		};
		40492AF524CD464C006E41D5 /* controller */ = {
			isa = PBXGroup;
			children = (
				403A2DF524CB5D9D00BBA3E4 /* SearchViewController.swift */,
				40A9123224CBBFF700D8558F /* MainTabViewController.swift */,
				40A9123024CBBDE600D8558F /* SearchDetailViewController.swift */,
			);
			path = controller;
			sourceTree = "<group>";
		};
		40492AF624CD4665006E41D5 /* view */ = {
			isa = PBXGroup;
			children = (
				40492AEE24CD439B006E41D5 /* search */,
			);
			path = view;
			sourceTree = "<group>";
		};
		40A36B3F24CC0174002786B8 /* api */ = {
			isa = PBXGroup;
			children = (
				40A36B3D24CC0162002786B8 /* ApiResponse.swift */,
				40A36B4224CC02A7002786B8 /* ApiRequestManager.swift */,
				40A36B4024CC01FB002786B8 /* NetworkManager.swift */,
			);
			path = api;
			sourceTree = "<group>";
		};
		40A9123424CBC18700D8558F /* view */ = {
			isa = PBXGroup;
			children = (
				40492AF524CD464C006E41D5 /* controller */,
				40492AF624CD4665006E41D5 /* view */,
			);
			path = view;
			sourceTree = "<group>";
		};
		40A9123524CBC19200D8558F /* model */ = {
			isa = PBXGroup;
			children = (
			);
			path = model;
			sourceTree = "<group>";
		};
		40A9123624CBC19B00D8558F /* common */ = {
			isa = PBXGroup;
			children = (
				40A9123724CBC1BD00D8558F /* Common.swift */,
				4012E59B24CC77530048F455 /* ExtensionManager.swift */,
				40A9123A24CBCB8000D8558F /* UserDefaultManager.swift */,
			);
			path = common;
			sourceTree = "<group>";
		};
		40A9123924CBC1C300D8558F /* cell */ = {
			isa = PBXGroup;
			children = (
				40492AF024CD43C6006E41D5 /* list */,
				40492AEF24CD43BE006E41D5 /* detail */,
			);
			path = cell;
			sourceTree = "<group>";
		};
		78F9E6C70F60F1F8280A8ABC /* Frameworks */ = {
			isa = PBXGroup;
			children = (
				9923E46373CE04547B2350FF /* Pods_AppStoreSearch.framework */,
			);
			name = Frameworks;
			sourceTree = "<group>";
		};
/* End PBXGroup section */

/* Begin PBXNativeTarget section */
		403A2DED24CB5D9D00BBA3E4 /* AppStoreSearch */ = {
			isa = PBXNativeTarget;
			buildConfigurationList = 403A2E0224CB5DA700BBA3E4 /* Build configuration list for PBXNativeTarget "AppStoreSearch" */;
			buildPhases = (
				1F75B75B197804DA539466BD /* [CP] Check Pods Manifest.lock */,
				403A2DEA24CB5D9D00BBA3E4 /* Sources */,
				403A2DEB24CB5D9D00BBA3E4 /* Frameworks */,
				403A2DEC24CB5D9D00BBA3E4 /* Resources */,
				44440DE355834C5A2CEF9AC9 /* [CP] Embed Pods Frameworks */,
			);
			buildRules = (
			);
			dependencies = (
			);
			name = AppStoreSearch;
			productName = AppStoreSearch;
			productReference = 403A2DEE24CB5D9D00BBA3E4 /* AppStoreSearch.app */;
			productType = "com.apple.product-type.application";
		};
/* End PBXNativeTarget section */

/* Begin PBXProject section */
		403A2DE624CB5D9D00BBA3E4 /* Project object */ = {
			isa = PBXProject;
			attributes = {
				LastSwiftUpdateCheck = 1160;
				LastUpgradeCheck = 1160;
				TargetAttributes = {
					403A2DED24CB5D9D00BBA3E4 = {
						CreatedOnToolsVersion = 11.6;
					};
				};
			};
			buildConfigurationList = 403A2DE924CB5D9D00BBA3E4 /* Build configuration list for PBXProject "AppStoreSearch" */;
			compatibilityVersion = "Xcode 9.3";
			developmentRegion = en;
			hasScannedForEncodings = 0;
			knownRegions = (
				en,
				Base,
			);
			mainGroup = 403A2DE524CB5D9D00BBA3E4;
			productRefGroup = 403A2DEF24CB5D9D00BBA3E4 /* Products */;
			projectDirPath = "";
			projectRoot = "";
			targets = (
				403A2DED24CB5D9D00BBA3E4 /* AppStoreSearch */,
			);
		};
/* End PBXProject section */

/* Begin PBXResourcesBuildPhase section */
		403A2DEC24CB5D9D00BBA3E4 /* Resources */ = {
			isa = PBXResourcesBuildPhase;
			buildActionMask = 2147483647;
			files = (
				40492AF424CD463E006E41D5 /* SearchDetailAppInfoCell.xib in Resources */,
				40A9122F24CB696900D8558F /* .gitignore in Resources */,
				403A2DFE24CB5DA700BBA3E4 /* LaunchScreen.storyboard in Resources */,
				4048D23524CC47260099170D /* SearchResultCell.xib in Resources */,
				40A9123F24CBD9CD00D8558F /* RecentSearchCell.xib in Resources */,
				403A2DFB24CB5DA700BBA3E4 /* Assets.xcassets in Resources */,
				40A36B3824CBDF9B002786B8 /* RecentSearchHeaderView.xib in Resources */,
				40A36B3C24CBE753002786B8 /* RecentSearchFilterCell.xib in Resources */,
				40492AFA24CD4701006E41D5 /* SearchDetailReleaseNoteCell.xib in Resources */,
				403A2DF924CB5D9D00BBA3E4 /* Main.storyboard in Resources */,
			);
			runOnlyForDeploymentPostprocessing = 0;
		};
/* End PBXResourcesBuildPhase section */

/* Begin PBXShellScriptBuildPhase section */
		1F75B75B197804DA539466BD /* [CP] Check Pods Manifest.lock */ = {
			isa = PBXShellScriptBuildPhase;
			buildActionMask = 2147483647;
			files = (
			);
			inputFileListPaths = (
			);
			inputPaths = (
				"${PODS_PODFILE_DIR_PATH}/Podfile.lock",
				"${PODS_ROOT}/Manifest.lock",
			);
			name = "[CP] Check Pods Manifest.lock";
			outputFileListPaths = (
			);
			outputPaths = (
				"$(DERIVED_FILE_DIR)/Pods-AppStoreSearch-checkManifestLockResult.txt",
			);
			runOnlyForDeploymentPostprocessing = 0;
			shellPath = /bin/sh;
			shellScript = "diff \"${PODS_PODFILE_DIR_PATH}/Podfile.lock\" \"${PODS_ROOT}/Manifest.lock\" > /dev/null\nif [ $? != 0 ] ; then\n    # print error to STDERR\n    echo \"error: The sandbox is not in sync with the Podfile.lock. Run 'pod install' or update your CocoaPods installation.\" >&2\n    exit 1\nfi\n# This output is used by Xcode 'outputs' to avoid re-running this script phase.\necho \"SUCCESS\" > \"${SCRIPT_OUTPUT_FILE_0}\"\n";
			showEnvVarsInLog = 0;
		};
		44440DE355834C5A2CEF9AC9 /* [CP] Embed Pods Frameworks */ = {
			isa = PBXShellScriptBuildPhase;
			buildActionMask = 2147483647;
			files = (
			);
			inputFileListPaths = (
				"${PODS_ROOT}/Target Support Files/Pods-AppStoreSearch/Pods-AppStoreSearch-frameworks-${CONFIGURATION}-input-files.xcfilelist",
			);
			name = "[CP] Embed Pods Frameworks";
			outputFileListPaths = (
				"${PODS_ROOT}/Target Support Files/Pods-AppStoreSearch/Pods-AppStoreSearch-frameworks-${CONFIGURATION}-output-files.xcfilelist",
			);
			runOnlyForDeploymentPostprocessing = 0;
			shellPath = /bin/sh;
			shellScript = "\"${PODS_ROOT}/Target Support Files/Pods-AppStoreSearch/Pods-AppStoreSearch-frameworks.sh\"\n";
			showEnvVarsInLog = 0;
		};
/* End PBXShellScriptBuildPhase section */

/* Begin PBXSourcesBuildPhase section */
		403A2DEA24CB5D9D00BBA3E4 /* Sources */ = {
			isa = PBXSourcesBuildPhase;
			buildActionMask = 2147483647;
			files = (
				4048D23424CC47260099170D /* SearchResultCell.swift in Sources */,
				40A36B3E24CC0162002786B8 /* ApiResponse.swift in Sources */,
				40492AF924CD4701006E41D5 /* SearchDetailReleaseNoteCell.swift in Sources */,
				40A9123324CBBFF700D8558F /* MainTabViewController.swift in Sources */,
				40A36B4324CC02A7002786B8 /* ApiRequestManager.swift in Sources */,
				40A9123E24CBD9CD00D8558F /* RecentSearchCell.swift in Sources */,
				40A36B3B24CBE753002786B8 /* RecentSearchFilterCell.swift in Sources */,
				403A2DF624CB5D9D00BBA3E4 /* SearchViewController.swift in Sources */,
				40A36B4124CC01FB002786B8 /* NetworkManager.swift in Sources */,
				403A2DF224CB5D9D00BBA3E4 /* AppDelegate.swift in Sources */,
				40A9123124CBBDE600D8558F /* SearchDetailViewController.swift in Sources */,
				40A36B3624CBDF87002786B8 /* RecentSearchHeaderView.swift in Sources */,
				4012E59C24CC77530048F455 /* ExtensionManager.swift in Sources */,
				40A9123824CBC1BD00D8558F /* Common.swift in Sources */,
				403A2DF424CB5D9D00BBA3E4 /* SceneDelegate.swift in Sources */,
				40492AF324CD463E006E41D5 /* SearchDetailAppInfoCell.swift in Sources */,
				40A9123B24CBCB8000D8558F /* UserDefaultManager.swift in Sources */,
			);
			runOnlyForDeploymentPostprocessing = 0;
		};
/* End PBXSourcesBuildPhase section */

/* Begin PBXVariantGroup section */
		403A2DF724CB5D9D00BBA3E4 /* Main.storyboard */ = {
			isa = PBXVariantGroup;
			children = (
				403A2DF824CB5D9D00BBA3E4 /* Base */,
			);
			name = Main.storyboard;
			sourceTree = "<group>";
		};
		403A2DFC24CB5DA700BBA3E4 /* LaunchScreen.storyboard */ = {
			isa = PBXVariantGroup;
			children = (
				403A2DFD24CB5DA700BBA3E4 /* Base */,
			);
			name = LaunchScreen.storyboard;
			sourceTree = "<group>";
		};
/* End PBXVariantGroup section */

/* Begin XCBuildConfiguration section */
		403A2E0024CB5DA700BBA3E4 /* Debug */ = {
			isa = XCBuildConfiguration;
			buildSettings = {
				ALWAYS_SEARCH_USER_PATHS = NO;
				CLANG_ANALYZER_NONNULL = YES;
				CLANG_ANALYZER_NUMBER_OBJECT_CONVERSION = YES_AGGRESSIVE;
				CLANG_CXX_LANGUAGE_STANDARD = "gnu++14";
				CLANG_CXX_LIBRARY = "libc++";
				CLANG_ENABLE_MODULES = YES;
				CLANG_ENABLE_OBJC_ARC = YES;
				CLANG_ENABLE_OBJC_WEAK = YES;
				CLANG_WARN_BLOCK_CAPTURE_AUTORELEASING = YES;
				CLANG_WARN_BOOL_CONVERSION = YES;
				CLANG_WARN_COMMA = YES;
				CLANG_WARN_CONSTANT_CONVERSION = YES;
				CLANG_WARN_DEPRECATED_OBJC_IMPLEMENTATIONS = YES;
				CLANG_WARN_DIRECT_OBJC_ISA_USAGE = YES_ERROR;
				CLANG_WARN_DOCUMENTATION_COMMENTS = YES;
				CLANG_WARN_EMPTY_BODY = YES;
				CLANG_WARN_ENUM_CONVERSION = YES;
				CLANG_WARN_INFINITE_RECURSION = YES;
				CLANG_WARN_INT_CONVERSION = YES;
				CLANG_WARN_NON_LITERAL_NULL_CONVERSION = YES;
				CLANG_WARN_OBJC_IMPLICIT_RETAIN_SELF = YES;
				CLANG_WARN_OBJC_LITERAL_CONVERSION = YES;
				CLANG_WARN_OBJC_ROOT_CLASS = YES_ERROR;
				CLANG_WARN_RANGE_LOOP_ANALYSIS = YES;
				CLANG_WARN_STRICT_PROTOTYPES = YES;
				CLANG_WARN_SUSPICIOUS_MOVE = YES;
				CLANG_WARN_UNGUARDED_AVAILABILITY = YES_AGGRESSIVE;
				CLANG_WARN_UNREACHABLE_CODE = YES;
				CLANG_WARN__DUPLICATE_METHOD_MATCH = YES;
				COPY_PHASE_STRIP = NO;
				DEBUG_INFORMATION_FORMAT = dwarf;
				ENABLE_STRICT_OBJC_MSGSEND = YES;
				ENABLE_TESTABILITY = YES;
				GCC_C_LANGUAGE_STANDARD = gnu11;
				GCC_DYNAMIC_NO_PIC = NO;
				GCC_NO_COMMON_BLOCKS = YES;
				GCC_OPTIMIZATION_LEVEL = 0;
				GCC_PREPROCESSOR_DEFINITIONS = (
					"DEBUG=1",
					"$(inherited)",
				);
				GCC_WARN_64_TO_32_BIT_CONVERSION = YES;
				GCC_WARN_ABOUT_RETURN_TYPE = YES_ERROR;
				GCC_WARN_UNDECLARED_SELECTOR = YES;
				GCC_WARN_UNINITIALIZED_AUTOS = YES_AGGRESSIVE;
				GCC_WARN_UNUSED_FUNCTION = YES;
				GCC_WARN_UNUSED_VARIABLE = YES;
				IPHONEOS_DEPLOYMENT_TARGET = 13.6;
				MTL_ENABLE_DEBUG_INFO = INCLUDE_SOURCE;
				MTL_FAST_MATH = YES;
				ONLY_ACTIVE_ARCH = YES;
				SDKROOT = iphoneos;
				SWIFT_ACTIVE_COMPILATION_CONDITIONS = DEBUG;
				SWIFT_OPTIMIZATION_LEVEL = "-Onone";
			};
			name = Debug;
		};
		403A2E0124CB5DA700BBA3E4 /* Release */ = {
			isa = XCBuildConfiguration;
			buildSettings = {
				ALWAYS_SEARCH_USER_PATHS = NO;
				CLANG_ANALYZER_NONNULL = YES;
				CLANG_ANALYZER_NUMBER_OBJECT_CONVERSION = YES_AGGRESSIVE;
				CLANG_CXX_LANGUAGE_STANDARD = "gnu++14";
				CLANG_CXX_LIBRARY = "libc++";
				CLANG_ENABLE_MODULES = YES;
				CLANG_ENABLE_OBJC_ARC = YES;
				CLANG_ENABLE_OBJC_WEAK = YES;
				CLANG_WARN_BLOCK_CAPTURE_AUTORELEASING = YES;
				CLANG_WARN_BOOL_CONVERSION = YES;
				CLANG_WARN_COMMA = YES;
				CLANG_WARN_CONSTANT_CONVERSION = YES;
				CLANG_WARN_DEPRECATED_OBJC_IMPLEMENTATIONS = YES;
				CLANG_WARN_DIRECT_OBJC_ISA_USAGE = YES_ERROR;
				CLANG_WARN_DOCUMENTATION_COMMENTS = YES;
				CLANG_WARN_EMPTY_BODY = YES;
				CLANG_WARN_ENUM_CONVERSION = YES;
				CLANG_WARN_INFINITE_RECURSION = YES;
				CLANG_WARN_INT_CONVERSION = YES;
				CLANG_WARN_NON_LITERAL_NULL_CONVERSION = YES;
				CLANG_WARN_OBJC_IMPLICIT_RETAIN_SELF = YES;
				CLANG_WARN_OBJC_LITERAL_CONVERSION = YES;
				CLANG_WARN_OBJC_ROOT_CLASS = YES_ERROR;
				CLANG_WARN_RANGE_LOOP_ANALYSIS = YES;
				CLANG_WARN_STRICT_PROTOTYPES = YES;
				CLANG_WARN_SUSPICIOUS_MOVE = YES;
				CLANG_WARN_UNGUARDED_AVAILABILITY = YES_AGGRESSIVE;
				CLANG_WARN_UNREACHABLE_CODE = YES;
				CLANG_WARN__DUPLICATE_METHOD_MATCH = YES;
				COPY_PHASE_STRIP = NO;
				DEBUG_INFORMATION_FORMAT = "dwarf-with-dsym";
				ENABLE_NS_ASSERTIONS = NO;
				ENABLE_STRICT_OBJC_MSGSEND = YES;
				GCC_C_LANGUAGE_STANDARD = gnu11;
				GCC_NO_COMMON_BLOCKS = YES;
				GCC_WARN_64_TO_32_BIT_CONVERSION = YES;
				GCC_WARN_ABOUT_RETURN_TYPE = YES_ERROR;
				GCC_WARN_UNDECLARED_SELECTOR = YES;
				GCC_WARN_UNINITIALIZED_AUTOS = YES_AGGRESSIVE;
				GCC_WARN_UNUSED_FUNCTION = YES;
				GCC_WARN_UNUSED_VARIABLE = YES;
				IPHONEOS_DEPLOYMENT_TARGET = 13.6;
				MTL_ENABLE_DEBUG_INFO = NO;
				MTL_FAST_MATH = YES;
				SDKROOT = iphoneos;
				SWIFT_COMPILATION_MODE = wholemodule;
				SWIFT_OPTIMIZATION_LEVEL = "-O";
				VALIDATE_PRODUCT = YES;
			};
			name = Release;
		};
		403A2E0324CB5DA700BBA3E4 /* Debug */ = {
			isa = XCBuildConfiguration;
			baseConfigurationReference = 841ACB6C3720044B5D3B8E80 /* Pods-AppStoreSearch.debug.xcconfig */;
			buildSettings = {
				ASSETCATALOG_COMPILER_APPICON_NAME = AppIcon;
				CODE_SIGN_IDENTITY = "Apple Development";
				CODE_SIGN_STYLE = Automatic;
				DEVELOPMENT_TEAM = 7KMRTV7DBY;
				INFOPLIST_FILE = AppStoreSearch/Info.plist;
				IPHONEOS_DEPLOYMENT_TARGET = 10.0;
				LD_RUNPATH_SEARCH_PATHS = (
					"$(inherited)",
					"@executable_path/Frameworks",
				);
				PRODUCT_BUNDLE_IDENTIFIER = com.mk.AppStoreSearch;
				PRODUCT_NAME = "$(TARGET_NAME)";
				PROVISIONING_PROFILE_SPECIFIER = "";
				SWIFT_VERSION = 5.0;
				TARGETED_DEVICE_FAMILY = "1,2";
			};
			name = Debug;
		};
		403A2E0424CB5DA700BBA3E4 /* Release */ = {
			isa = XCBuildConfiguration;
			baseConfigurationReference = CBFFD27033DB5345C37215AF /* Pods-AppStoreSearch.release.xcconfig */;
			buildSettings = {
				ASSETCATALOG_COMPILER_APPICON_NAME = AppIcon;
				CODE_SIGN_IDENTITY = "Apple Development";
				CODE_SIGN_STYLE = Automatic;
				DEVELOPMENT_TEAM = 7KMRTV7DBY;
				INFOPLIST_FILE = AppStoreSearch/Info.plist;
				IPHONEOS_DEPLOYMENT_TARGET = 10.0;
				LD_RUNPATH_SEARCH_PATHS = (
					"$(inherited)",
					"@executable_path/Frameworks",
				);
				PRODUCT_BUNDLE_IDENTIFIER = com.mk.AppStoreSearch;
				PRODUCT_NAME = "$(TARGET_NAME)";
				PROVISIONING_PROFILE_SPECIFIER = "";
				SWIFT_VERSION = 5.0;
				TARGETED_DEVICE_FAMILY = "1,2";
			};
			name = Release;
		};
/* End XCBuildConfiguration section */

/* Begin XCConfigurationList section */
		403A2DE924CB5D9D00BBA3E4 /* Build configuration list for PBXProject "AppStoreSearch" */ = {
			isa = XCConfigurationList;
			buildConfigurations = (
				403A2E0024CB5DA700BBA3E4 /* Debug */,
				403A2E0124CB5DA700BBA3E4 /* Release */,
			);
			defaultConfigurationIsVisible = 0;
			defaultConfigurationName = Release;
		};
		403A2E0224CB5DA700BBA3E4 /* Build configuration list for PBXNativeTarget "AppStoreSearch" */ = {
			isa = XCConfigurationList;
			buildConfigurations = (
				403A2E0324CB5DA700BBA3E4 /* Debug */,
				403A2E0424CB5DA700BBA3E4 /* Release */,
			);
			defaultConfigurationIsVisible = 0;
			defaultConfigurationName = Release;
		};
/* End XCConfigurationList section */
	};
	rootObject = 403A2DE624CB5D9D00BBA3E4 /* Project object */;
}
